
Microsoft Visual Studio Solution File, Format Version 12.00
# Visual Studio Version 17
VisualStudioVersion = 17.5.002.0
MinimumVisualStudioVersion = 10.0.40219.1
Project("{9A19103F-16F7-4668-BE54-9A1E7A4F7556}") = "Baigiamasis", "Baigiamasis.csproj", "{8331ECD4-DB44-4E52-94D9-F4D69E84B76D}"
EndProject
Project("{FAE04EC0-301F-11D3-BF4B-00C04F79EFBC}") = "Baigiamasis_test", "..\Baigiamasis_test\Baigiamasis_test.csproj", "{CF5FC4ED-B4C6-4FA0-BEE2-097B95B71DF2}"
EndProject
Global
	GlobalSection(SolutionConfigurationPlatforms) = preSolution
		Debug|Any CPU = Debug|Any CPU
		Release|Any CPU = Release|Any CPU
	EndGlobalSection
	GlobalSection(ProjectConfigurationPlatforms) = postSolution
		{8331ECD4-DB44-4E52-94D9-F4D69E84B76D}.Debug|Any CPU.ActiveCfg = Debug|Any CPU
		{8331ECD4-DB44-4E52-94D9-F4D69E84B76D}.Debug|Any CPU.Build.0 = Debug|Any CPU
		{8331ECD4-DB44-4E52-94D9-F4D69E84B76D}.Release|Any CPU.ActiveCfg = Release|Any CPU
		{8331ECD4-DB44-4E52-94D9-F4D69E84B76D}.Release|Any CPU.Build.0 = Release|Any CPU
		{CF5FC4ED-B4C6-4FA0-BEE2-097B95B71DF2}.Debug|Any CPU.ActiveCfg = Debug|Any CPU
		{CF5FC4ED-B4C6-4FA0-BEE2-097B95B71DF2}.Debug|Any CPU.Build.0 = Debug|Any CPU
		{CF5FC4ED-B4C6-4FA0-BEE2-097B95B71DF2}.Release|Any CPU.ActiveCfg = Release|Any CPU
		{CF5FC4ED-B4C6-4FA0-BEE2-097B95B71DF2}.Release|Any CPU.Build.0 = Release|Any CPU
	EndGlobalSection
	GlobalSection(SolutionProperties) = preSolution
		HideSolutionNode = FALSE
	EndGlobalSection
	GlobalSection(ExtensibilityGlobals) = postSolution
		SolutionGuid = {F4AD36EB-B194-4F0B-80E1-D3317A2D67B0}
	EndGlobalSection
EndGlobal
